GIT
  remote: https://github.com/github/activerecord-trilogy-adapter.git
  revision: 516c234352388c8b423f9bb50ca4d54bef8f04fa
  branch: main
  specs:
    activerecord-trilogy-adapter (2.1.0)
      activerecord (~> 7.1.a)
      trilogy (>= 2.1.1)

GIT
  remote: https://github.com/github/trilogy.git
  revision: 2dd91e5d1974b29473ad646e5dba0a50562fe37a
  branch: main
  glob: contrib/ruby/*.gemspec
  specs:
    trilogy (2.2.0)

GIT
  remote: https://github.com/rails/rails.git
  revision: 6017df6a8e1468eef6432065e7a679f7f203827f
  specs:
    activemodel (7.1.0.alpha)
      activesupport (= 7.1.0.alpha)
    activerecord (7.1.0.alpha)
      activemodel (= 7.1.0.alpha)
      activesupport (= 7.1.0.alpha)
    activesupport (7.1.0.alpha)
      concurrent-ruby (~> 1.0, >= 1.0.2)
      connection_pool (>= 2.2.5)
      i18n (>= 1.6, < 2)
      minitest (>= 5.1)
      tzinfo (~> 2.0)

PATH
  remote: ..
  specs:
    semian (0.16.0)

GEM
  remote: https://rubygems.org/
  specs:
    concurrent-ruby (1.2.0)
    connection_pool (2.3.0)
    i18n (1.12.0)
      concurrent-ruby (~> 1.0)
    minitest (5.17.0)
    mocha (2.0.2)
      ruby2_keywords (>= 0.0.5)
    rake (13.0.6)
    rake-compiler (1.2.1)
      rake
    ruby2_keywords (0.0.5)
    toxiproxy (2.0.2)
    tzinfo (2.0.6)
      concurrent-ruby (~> 1.0)
    webrick (1.8.1)

PLATFORMS
  arm64-darwin-21

DEPENDENCIES
  activerecord!
  activerecord-trilogy-adapter!
  minitest
  mocha
  rake
  rake-compiler
  semian!
  toxiproxy
  trilogy!
  webrick

BUNDLED WITH
   2.4.3
