PATH
  remote: ..
  specs:
    semian (0.22.1)

GEM
  remote: https://rubygems.org/
  specs:
    bigdecimal (3.1.9)
    google-protobuf (4.30.2)
      bigdecimal
      rake (>= 13)
    google-protobuf (4.30.2-aarch64-linux)
      bigdecimal
      rake (>= 13)
    google-protobuf (4.30.2-arm64-darwin)
      bigdecimal
      rake (>= 13)
    google-protobuf (4.30.2-x86_64-darwin)
      bigdecimal
      rake (>= 13)
    google-protobuf (4.30.2-x86_64-linux)
      bigdecimal
      rake (>= 13)
    googleapis-common-protos-types (1.19.0)
      google-protobuf (>= 3.18, < 5.a)
    grpc (1.71.0)
      google-protobuf (>= 3.25, < 5.0)
      googleapis-common-protos-types (~> 1.0)
    grpc (1.71.0-aarch64-linux)
      google-protobuf (>= 3.25, < 5.0)
      googleapis-common-protos-types (~> 1.0)
    grpc (1.71.0-arm64-darwin)
      google-protobuf (>= 3.25, < 5.0)
      googleapis-common-protos-types (~> 1.0)
    grpc (1.71.0-x86_64-darwin)
      google-protobuf (>= 3.25, < 5.0)
      googleapis-common-protos-types (~> 1.0)
    grpc (1.71.0-x86_64-linux)
      google-protobuf (>= 3.25, < 5.0)
      googleapis-common-protos-types (~> 1.0)
    minitest (5.25.5)
    mocha (2.7.1)
      ruby2_keywords (>= 0.0.5)
    rake (13.2.1)
    rake-compiler (1.3.0)
      rake
    ruby2_keywords (0.0.5)
    toxiproxy (2.0.2)
    webrick (1.9.1)

PLATFORMS
  aarch64-linux
  arm64-darwin-21
  ruby
  x86_64-darwin-21
  x86_64-linux

DEPENDENCIES
  grpc
  minitest
  mocha
  rake
  rake-compiler
  semian!
  toxiproxy
  webrick

BUNDLED WITH
   2.4.3
