GIT
  remote: https://github.com/github/trilogy.git
  revision: 6dd14cca18dade150d6573d55496ce7f8b8b45dc
  branch: main
  glob: contrib/ruby/*.gemspec
  specs:
    trilogy (2.4.0)

GIT
  remote: https://github.com/rails/rails.git
  revision: eac3208b809c45ace005d1a3e5039c69216ca02f
  branch: main
  specs:
    activemodel (7.1.0.alpha)
      activesupport (= 7.1.0.alpha)
    activerecord (7.1.0.alpha)
      activemodel (= 7.1.0.alpha)
      activesupport (= 7.1.0.alpha)
    activesupport (7.1.0.alpha)
      concurrent-ruby (~> 1.0, >= 1.0.2)
      connection_pool (>= 2.2.5)
      i18n (>= 1.6, < 2)
      minitest (>= 5.1)
      tzinfo (~> 2.0)

PATH
  remote: ..
  specs:
    semian (0.18.0)

GEM
  remote: https://rubygems.org/
  specs:
    concurrent-ruby (1.2.2)
    connection_pool (2.4.0)
    i18n (1.13.0)
      concurrent-ruby (~> 1.0)
    minitest (5.18.0)
    mocha (2.0.2)
      ruby2_keywords (>= 0.0.5)
    rake (13.0.6)
    rake-compiler (1.2.1)
      rake
    ruby2_keywords (0.0.5)
    toxiproxy (2.0.2)
    tzinfo (2.0.6)
      concurrent-ruby (~> 1.0)
    webrick (1.8.1)

PLATFORMS
  x86_64-linux

DEPENDENCIES
  activerecord!
  minitest
  mocha
  rake
  rake-compiler
  semian!
  toxiproxy
  trilogy!
  webrick

BUNDLED WITH
   2.4.12
