PATH
  remote: ..
  specs:
    semian (0.26.6)
      concurrent-ruby

GEM
  remote: https://rubygems.org/
  specs:
    activemodel (8.1.1)
      activesupport (= 8.1.1)
    activerecord (8.1.1)
      activemodel (= 8.1.1)
      activesupport (= 8.1.1)
      timeout (>= 0.4.0)
    activesupport (8.1.1)
      base64
      bigdecimal
      concurrent-ruby (~> 1.0, >= 1.3.1)
      connection_pool (>= 2.2.5)
      drb
      i18n (>= 1.6, < 2)
      json
      logger (>= 1.4.2)
      minitest (>= 5.1)
      securerandom (>= 0.3)
      tzinfo (~> 2.0, >= 2.0.5)
      uri (>= 0.13.1)
    base64 (0.3.0)
    bigdecimal (4.0.1)
    concurrent-ruby (1.3.6)
    connection_pool (3.0.2)
    drb (2.2.3)
    i18n (1.14.7)
      concurrent-ruby (~> 1.0)
    json (2.18.0)
    logger (1.7.0)
    minitest (6.0.0)
      prism (~> 1.5)
    mocha (3.0.1)
      ruby2_keywords (>= 0.0.5)
    mysql2 (0.5.7)
      bigdecimal
    prism (1.7.0)
    rake (13.3.1)
    rake-compiler (1.3.1)
      rake
    ruby2_keywords (0.0.5)
    securerandom (0.4.1)
    timeout (0.6.0)
    toxiproxy (2.0.2)
    tzinfo (2.0.6)
      concurrent-ruby (~> 1.0)
    uri (1.1.1)
    webrick (1.9.2)

PLATFORMS
  aarch64-linux
  arm64-darwin-21
  ruby
  x86_64-darwin-21
  x86_64-linux

DEPENDENCIES
  activerecord (>= 7.0.3)
  concurrent-ruby
  minitest
  mocha
  mysql2 (~> 0.5)
  rake
  rake-compiler
  semian!
  toxiproxy
  webrick

BUNDLED WITH
   2.6.9
