PATH
  remote: ..
  specs:
    semian (0.16.0)

GEM
  remote: https://rubygems.org/
  specs:
    connection_pool (2.3.0)
    hiredis (0.6.3)
    hiredis-client (0.11.2)
      redis-client (= 0.11.2)
    minitest (5.16.3)
    mocha (2.0.2)
      ruby2_keywords (>= 0.0.5)
    rake (13.0.6)
    rake-compiler (1.2.0)
      rake
    redis (5.0.5)
      redis-client (>= 0.9.0)
    redis-client (0.11.2)
      connection_pool
    ruby2_keywords (0.0.5)
    timecop (0.9.5)
    toxiproxy (2.0.2)
    webrick (1.7.0)

PLATFORMS
  aarch64-linux
  arm64-darwin-21
  ruby
  x86_64-darwin-21
  x86_64-linux

DEPENDENCIES
  hiredis (~> 0.6)
  hiredis-client
  minitest
  mocha
  rake
  rake-compiler
  redis
  semian!
  timecop
  toxiproxy
  webrick

BUNDLED WITH
   2.3.26
