PATH
  remote: ..
  specs:
    semian (0.15.0)

GEM
  remote: https://rubygems.org/
  specs:
    connection_pool (2.3.0)
    hiredis (0.6.3)
    hiredis-client (0.8.1)
      redis-client (= 0.8.1)
    minitest (5.16.3)
    mocha (1.14.0)
    rake (13.0.6)
    rake-compiler (1.2.0)
      rake
    redis (4.8.0)
    redis-client (0.8.1)
      connection_pool
    timecop (0.9.5)
    toxiproxy (2.0.2)
    webrick (1.7.0)

PLATFORMS
  aarch64-linux
  arm64-darwin-21
  x86_64-darwin-20
  x86_64-linux

DEPENDENCIES
  hiredis (~> 0.6)
  hiredis-client
  minitest
  mocha
  rake
  rake-compiler
  redis (~> 4.8)
  semian!
  timecop
  toxiproxy
  webrick

BUNDLED WITH
   2.3.22
