GIT
  remote: https://github.com/redis-rb/redis-client.git
  revision: 7655bb8d2a86b5c7457271febf0807250f58b4b1
  specs:
    hiredis-client (0.26.2)
      redis-client (= 0.26.2)
    redis-client (0.26.2)
      connection_pool

GIT
  remote: https://github.com/redis/redis-rb.git
  revision: 028059d13f86cea6ca7331539077b0cf9afa30ae
  specs:
    redis (5.4.1)
      redis-client (>= 0.22.0)

PATH
  remote: ..
  specs:
    semian (0.26.6)
      concurrent-ruby

GEM
  remote: https://rubygems.org/
  specs:
    concurrent-ruby (1.3.6)
    connection_pool (3.0.2)
    hiredis (0.6.3)
    minitest (6.0.0)
      prism (~> 1.5)
    mocha (3.0.1)
      ruby2_keywords (>= 0.0.5)
    prism (1.7.0)
    rake (13.3.1)
    rake-compiler (1.3.1)
      rake
    ruby2_keywords (0.0.5)
    toxiproxy (2.0.2)
    webrick (1.9.2)

PLATFORMS
  aarch64-linux
  arm64-darwin-21
  ruby
  x86_64-darwin-21
  x86_64-linux

DEPENDENCIES
  concurrent-ruby
  hiredis (~> 0.6)
  hiredis-client!
  minitest
  mocha
  rake
  rake-compiler
  redis!
  semian!
  toxiproxy
  webrick

BUNDLED WITH
   2.6.9
