GIT
  remote: https://github.com/redis-rb/redis-client.git
  revision: cff9de3e5c42426c83529749fe14975a6576cb5c
  specs:
    hiredis-client (0.24.0)
      redis-client (= 0.24.0)
    redis-client (0.24.0)
      connection_pool

GIT
  remote: https://github.com/redis/redis-rb.git
  revision: 317a0204d8361927757117845f825b42c26fac14
  specs:
    redis (5.4.0)
      redis-client (>= 0.22.0)

PATH
  remote: ..
  specs:
    semian (0.22.1)

GEM
  remote: https://rubygems.org/
  specs:
    connection_pool (2.5.1)
    hiredis (0.6.3)
    minitest (5.25.5)
    mocha (2.7.1)
      ruby2_keywords (>= 0.0.5)
    rake (13.2.1)
    rake-compiler (1.3.0)
      rake
    ruby2_keywords (0.0.5)
    toxiproxy (2.0.2)
    webrick (1.9.1)

PLATFORMS
  aarch64-linux
  arm64-darwin-21
  ruby
  x86_64-darwin-21
  x86_64-linux

DEPENDENCIES
  hiredis (~> 0.6)
  hiredis-client!
  minitest
  mocha
  rake
  rake-compiler
  redis!
  semian!
  toxiproxy
  webrick

BUNDLED WITH
   2.4.3
