GIT
  remote: https://github.com/redis-rb/redis-client.git
  revision: d00e69821a8a1fd5dcba2e48cc010f4d97846b3d
  specs:
    hiredis-client (0.11.2)
      redis-client (= 0.11.2)
    redis-client (0.11.2)
      connection_pool

GIT
  remote: https://github.com/redis/redis-rb.git
  revision: 5a9fb00366c94cb5603b13e903afee58a3e3ee7a
  specs:
    redis (5.0.5)
      redis-client (>= 0.9.0)

PATH
  remote: ..
  specs:
    semian (0.16.0)

GEM
  remote: https://rubygems.org/
  specs:
    connection_pool (2.3.0)
    hiredis (0.6.3)
    minitest (5.16.3)
    mocha (2.0.2)
      ruby2_keywords (>= 0.0.5)
    rake (13.0.6)
    rake-compiler (1.2.0)
      rake
    ruby2_keywords (0.0.5)
    toxiproxy (2.0.2)
    webrick (1.7.0)

PLATFORMS
  aarch64-linux
  arm64-darwin-21
  ruby
  x86_64-darwin-21
  x86_64-linux

DEPENDENCIES
  hiredis (~> 0.6)
  hiredis-client!
  minitest
  mocha
  rake
  rake-compiler
  redis!
  semian!
  toxiproxy
  webrick

BUNDLED WITH
   2.3.26
